
Microsoft Visual Studio Solution File, Format Version 12.00
# Visual Studio Version 17
VisualStudioVersion = 17.13.35931.197 d17.13
MinimumVisualStudioVersion = 10.0.40219.1
Project("{FAE04EC0-301F-11D3-BF4B-00C04F79EFBC}") = "Check-Id", "Check-Id\Check-Id.csproj", "{0DFB878D-3CFB-4455-B755-AD5E90F08155}"
EndProject
Global
	GlobalSection(SolutionConfigurationPlatforms) = preSolution
		Debug|Any CPU = Debug|Any CPU
		Release|Any CPU = Release|Any CPU
	EndGlobalSection
	GlobalSection(ProjectConfigurationPlatforms) = postSolution
		{0DFB878D-3CFB-4455-B755-AD5E90F08155}.Debug|Any CPU.ActiveCfg = Debug|Any CPU
		{0DFB878D-3CFB-4455-B755-AD5E90F08155}.Debug|Any CPU.Build.0 = Debug|Any CPU
		{0DFB878D-3CFB-4455-B755-AD5E90F08155}.Release|Any CPU.ActiveCfg = Release|Any CPU
		{0DFB878D-3CFB-4455-B755-AD5E90F08155}.Release|Any CPU.Build.0 = Release|Any CPU
	EndGlobalSection
	GlobalSection(SolutionProperties) = preSolution
		HideSolutionNode = FALSE
	EndGlobalSection
	GlobalSection(ExtensibilityGlobals) = postSolution
		SolutionGuid = {1F1469AE-A9BF-4D69-82F6-4C40F547FF1C}
	EndGlobalSection
EndGlobal
