
Microsoft Visual Studio Solution File, Format Version 12.00
# Visual Studio Version 17
VisualStudioVersion = 17.13.35931.197 d17.13
MinimumVisualStudioVersion = 10.0.40219.1
Project("{FAE04EC0-301F-11D3-BF4B-00C04F79EFBC}") = "ToDoApp", "ToDoApp\ToDoApp.csproj", "{A8E33128-F0FD-4045-8DDA-D994A4EA1F48}"
EndProject
Global
	GlobalSection(SolutionConfigurationPlatforms) = preSolution
		Debug|Any CPU = Debug|Any CPU
		Release|Any CPU = Release|Any CPU
	EndGlobalSection
	GlobalSection(ProjectConfigurationPlatforms) = postSolution
		{A8E33128-F0FD-4045-8DDA-D994A4EA1F48}.Debug|Any CPU.ActiveCfg = Debug|Any CPU
		{A8E33128-F0FD-4045-8DDA-D994A4EA1F48}.Debug|Any CPU.Build.0 = Debug|Any CPU
		{A8E33128-F0FD-4045-8DDA-D994A4EA1F48}.Release|Any CPU.ActiveCfg = Release|Any CPU
		{A8E33128-F0FD-4045-8DDA-D994A4EA1F48}.Release|Any CPU.Build.0 = Release|Any CPU
	EndGlobalSection
	GlobalSection(SolutionProperties) = preSolution
		HideSolutionNode = FALSE
	EndGlobalSection
	GlobalSection(ExtensibilityGlobals) = postSolution
		SolutionGuid = {00857F82-EEC5-45F5-8954-BB4646BDAC97}
	EndGlobalSection
EndGlobal
