
Microsoft Visual Studio Solution File, Format Version 12.00
# Visual Studio Version 17
VisualStudioVersion = 17.13.35931.197 d17.13
MinimumVisualStudioVersion = 10.0.40219.1
Project("{FAE04EC0-301F-11D3-BF4B-00C04F79EFBC}") = "List-numbers", "List-numbers\List-numbers.csproj", "{860D9ED3-01E4-490E-9668-A548110B74DA}"
EndProject
Global
	GlobalSection(SolutionConfigurationPlatforms) = preSolution
		Debug|Any CPU = Debug|Any CPU
		Release|Any CPU = Release|Any CPU
	EndGlobalSection
	GlobalSection(ProjectConfigurationPlatforms) = postSolution
		{860D9ED3-01E4-490E-9668-A548110B74DA}.Debug|Any CPU.ActiveCfg = Debug|Any CPU
		{860D9ED3-01E4-490E-9668-A548110B74DA}.Debug|Any CPU.Build.0 = Debug|Any CPU
		{860D9ED3-01E4-490E-9668-A548110B74DA}.Release|Any CPU.ActiveCfg = Release|Any CPU
		{860D9ED3-01E4-490E-9668-A548110B74DA}.Release|Any CPU.Build.0 = Release|Any CPU
	EndGlobalSection
	GlobalSection(SolutionProperties) = preSolution
		HideSolutionNode = FALSE
	EndGlobalSection
	GlobalSection(ExtensibilityGlobals) = postSolution
		SolutionGuid = {402258A5-E91E-4595-849C-B2359833C51F}
	EndGlobalSection
EndGlobal
